
Microsoft Visual Studio Solution File, Format Version 12.00
# Visual Studio Version 17
VisualStudioVersion = 17.5.33516.290
MinimumVisualStudioVersion = 10.0.40219.1
Project("{8BC9CEB8-8B4A-11D0-8D11-00A0C91BC942}") = "addressbar", "addressbar.vcxproj", "{C4B7173D-6881-43AB-A41C-0480B7417B35}"
EndProject
Project("{8BC9CEB8-8B4A-11D0-8D11-00A0C91BC942}") = "addressbarPS", "addressbarPS\addressbarPS.vcxproj", "{5117E6F7-F34D-4963-9BD8-2E3178DF762D}"
	ProjectSection(ProjectDependencies) = postProject
		{C4B7173D-6881-43AB-A41C-0480B7417B35} = {C4B7173D-6881-43AB-A41C-0480B7417B35}
	EndProjectSection
EndProject
Global
	GlobalSection(SolutionConfigurationPlatforms) = preSolution
		Debug|x64 = Debug|x64
		Debug|x86 = Debug|x86
		Release|x64 = Release|x64
		Release|x86 = Release|x86
	EndGlobalSection
	GlobalSection(ProjectConfigurationPlatforms) = postSolution
		{C4B7173D-6881-43AB-A41C-0480B7417B35}.Debug|x64.ActiveCfg = Debug|x64
		{C4B7173D-6881-43AB-A41C-0480B7417B35}.Debug|x64.Build.0 = Debug|x64
		{C4B7173D-6881-43AB-A41C-0480B7417B35}.Debug|x86.ActiveCfg = Debug|Win32
		{C4B7173D-6881-43AB-A41C-0480B7417B35}.Debug|x86.Build.0 = Debug|Win32
		{C4B7173D-6881-43AB-A41C-0480B7417B35}.Release|x64.ActiveCfg = Release|x64
		{C4B7173D-6881-43AB-A41C-0480B7417B35}.Release|x64.Build.0 = Release|x64
		{C4B7173D-6881-43AB-A41C-0480B7417B35}.Release|x86.ActiveCfg = Release|Win32
		{C4B7173D-6881-43AB-A41C-0480B7417B35}.Release|x86.Build.0 = Release|Win32
		{5117E6F7-F34D-4963-9BD8-2E3178DF762D}.Debug|x64.ActiveCfg = Debug|x64
		{5117E6F7-F34D-4963-9BD8-2E3178DF762D}.Debug|x86.ActiveCfg = Debug|Win32
		{5117E6F7-F34D-4963-9BD8-2E3178DF762D}.Release|x64.ActiveCfg = Release|x64
		{5117E6F7-F34D-4963-9BD8-2E3178DF762D}.Release|x86.ActiveCfg = Release|Win32
	EndGlobalSection
	GlobalSection(SolutionProperties) = preSolution
		HideSolutionNode = FALSE
	EndGlobalSection
	GlobalSection(ExtensibilityGlobals) = postSolution
		SolutionGuid = {2DC89FEA-1BF6-41D9-8908-61EDAF7118B9}
	EndGlobalSection
EndGlobal
